
Microsoft Visual Studio Solution File, Format Version 12.00
# Visual Studio Version 16
VisualStudioVersion = 16.0.32106.194
MinimumVisualStudioVersion = 10.0.40219.1
Project("{FAE04EC0-301F-11D3-BF4B-00C04F79EFBC}") = "MVCLabExam", "MVCLabExam.csproj", "{069D380E-6086-4EF3-A50E-EB1F06F975B8}"
EndProject
Global
	GlobalSection(SolutionConfigurationPlatforms) = preSolution
		Debug|Any CPU = Debug|Any CPU
		Release|Any CPU = Release|Any CPU
	EndGlobalSection
	GlobalSection(ProjectConfigurationPlatforms) = postSolution
		{069D380E-6086-4EF3-A50E-EB1F06F975B8}.Debug|Any CPU.ActiveCfg = Debug|Any CPU
		{069D380E-6086-4EF3-A50E-EB1F06F975B8}.Debug|Any CPU.Build.0 = Debug|Any CPU
		{069D380E-6086-4EF3-A50E-EB1F06F975B8}.Release|Any CPU.ActiveCfg = Release|Any CPU
		{069D380E-6086-4EF3-A50E-EB1F06F975B8}.Release|Any CPU.Build.0 = Release|Any CPU
	EndGlobalSection
	GlobalSection(SolutionProperties) = preSolution
		HideSolutionNode = FALSE
	EndGlobalSection
	GlobalSection(ExtensibilityGlobals) = postSolution
		SolutionGuid = {CEEB31AB-DE35-427E-A7F8-1873A29A25CC}
	EndGlobalSection
EndGlobal
